
Microsoft Visual Studio Solution File, Format Version 12.00
# Visual Studio Version 17
VisualStudioVersion = 17.6.33717.318
MinimumVisualStudioVersion = 10.0.40219.1
Project("{9A19103F-16F7-4668-BE54-9A1E7A4F7556}") = "Dominio", "Dominio\Dominio.csproj", "{972970CE-7EE8-42D9-8BD6-278F0002F40D}"
EndProject
Project("{2150E333-8FDC-42A3-9474-1A3956D46DE8}") = "1 - InterfaceUsuario", "1 - InterfaceUsuario", "{92B5F5BF-35AA-4F29-8AB5-DAFAFD52E9FC}"
EndProject
Project("{2150E333-8FDC-42A3-9474-1A3956D46DE8}") = "2 - Dominio", "2 - Dominio", "{E81B1359-F678-4520-A354-84063B8FDC07}"
EndProject
Project("{2150E333-8FDC-42A3-9474-1A3956D46DE8}") = "3 - Infraestrutura", "3 - Infraestrutura", "{1E9E313B-5538-4EC4-9193-80C7A965A640}"
EndProject
Project("{9A19103F-16F7-4668-BE54-9A1E7A4F7556}") = "Dados", "Dados\Dados.csproj", "{BC886EE1-7F5D-44C3-B1E9-304761F1CD78}"
EndProject
Project("{2150E333-8FDC-42A3-9474-1A3956D46DE8}") = "4 - Aplicacao", "4 - Aplicacao", "{299BB47B-9289-4751-A902-240169CCFB04}"
EndProject
Project("{9A19103F-16F7-4668-BE54-9A1E7A4F7556}") = "Aplicacao", "Aplicacao\Aplicacao.csproj", "{1115D685-F08A-40EB-AB25-87E8AB2D6156}"
EndProject
Project("{2150E333-8FDC-42A3-9474-1A3956D46DE8}") = "Dados", "Dados", "{0B9204A9-6384-426D-B7EC-25E0303BA304}"
EndProject
Project("{2150E333-8FDC-42A3-9474-1A3956D46DE8}") = "CrossCutting", "CrossCutting", "{A574D6C5-19A0-4BD5-8E82-F1E4F9055333}"
EndProject
Project("{9A19103F-16F7-4668-BE54-9A1E7A4F7556}") = "Log", "Log\Log.csproj", "{ED02B6AB-FEE2-44DA-862C-38EC71D99D13}"
EndProject
Project("{9A19103F-16F7-4668-BE54-9A1E7A4F7556}") = "Multilingua", "Multilingua\Multilingua.csproj", "{3569DA57-7921-4C60-974E-8946B6EEADAB}"
EndProject
Project("{9A19103F-16F7-4668-BE54-9A1E7A4F7556}") = "Web", "Web\Web.csproj", "{EB916F2E-4C53-4B4A-AC0F-CFC21A271952}"
EndProject
Project("{2150E333-8FDC-42A3-9474-1A3956D46DE8}") = "5 - Servicos", "5 - Servicos", "{5CFAD9FD-B76E-4E1B-B3BA-6BE7ADEEF401}"
EndProject
Project("{2150E333-8FDC-42A3-9474-1A3956D46DE8}") = "6 - Teste", "6 - Teste", "{3D638EF0-46E7-4BA7-A723-5C2B77E99788}"
EndProject
Project("{9A19103F-16F7-4668-BE54-9A1E7A4F7556}") = "Teste", "Teste\Teste.csproj", "{84C30848-45E3-40E9-BF12-7F987230B0B6}"
EndProject
Project("{9A19103F-16F7-4668-BE54-9A1E7A4F7556}") = "ProcessamentosOmni", "ProcessamentosOmni\ProcessamentosOmni.csproj", "{3027D2D2-70FF-49BF-BF72-603CCA949851}"
EndProject
Global
	GlobalSection(SolutionConfigurationPlatforms) = preSolution
		Debug|Any CPU = Debug|Any CPU
		Release|Any CPU = Release|Any CPU
	EndGlobalSection
	GlobalSection(ProjectConfigurationPlatforms) = postSolution
		{972970CE-7EE8-42D9-8BD6-278F0002F40D}.Debug|Any CPU.ActiveCfg = Debug|Any CPU
		{972970CE-7EE8-42D9-8BD6-278F0002F40D}.Debug|Any CPU.Build.0 = Debug|Any CPU
		{972970CE-7EE8-42D9-8BD6-278F0002F40D}.Release|Any CPU.ActiveCfg = Release|Any CPU
		{972970CE-7EE8-42D9-8BD6-278F0002F40D}.Release|Any CPU.Build.0 = Release|Any CPU
		{BC886EE1-7F5D-44C3-B1E9-304761F1CD78}.Debug|Any CPU.ActiveCfg = Debug|Any CPU
		{BC886EE1-7F5D-44C3-B1E9-304761F1CD78}.Debug|Any CPU.Build.0 = Debug|Any CPU
		{BC886EE1-7F5D-44C3-B1E9-304761F1CD78}.Release|Any CPU.ActiveCfg = Release|Any CPU
		{BC886EE1-7F5D-44C3-B1E9-304761F1CD78}.Release|Any CPU.Build.0 = Release|Any CPU
		{1115D685-F08A-40EB-AB25-87E8AB2D6156}.Debug|Any CPU.ActiveCfg = Debug|Any CPU
		{1115D685-F08A-40EB-AB25-87E8AB2D6156}.Debug|Any CPU.Build.0 = Debug|Any CPU
		{1115D685-F08A-40EB-AB25-87E8AB2D6156}.Release|Any CPU.ActiveCfg = Release|Any CPU
		{1115D685-F08A-40EB-AB25-87E8AB2D6156}.Release|Any CPU.Build.0 = Release|Any CPU
		{ED02B6AB-FEE2-44DA-862C-38EC71D99D13}.Debug|Any CPU.ActiveCfg = Debug|Any CPU
		{ED02B6AB-FEE2-44DA-862C-38EC71D99D13}.Debug|Any CPU.Build.0 = Debug|Any CPU
		{ED02B6AB-FEE2-44DA-862C-38EC71D99D13}.Release|Any CPU.ActiveCfg = Release|Any CPU
		{ED02B6AB-FEE2-44DA-862C-38EC71D99D13}.Release|Any CPU.Build.0 = Release|Any CPU
		{3569DA57-7921-4C60-974E-8946B6EEADAB}.Debug|Any CPU.ActiveCfg = Debug|Any CPU
		{3569DA57-7921-4C60-974E-8946B6EEADAB}.Debug|Any CPU.Build.0 = Debug|Any CPU
		{3569DA57-7921-4C60-974E-8946B6EEADAB}.Release|Any CPU.ActiveCfg = Release|Any CPU
		{3569DA57-7921-4C60-974E-8946B6EEADAB}.Release|Any CPU.Build.0 = Release|Any CPU
		{EB916F2E-4C53-4B4A-AC0F-CFC21A271952}.Debug|Any CPU.ActiveCfg = Debug|Any CPU
		{EB916F2E-4C53-4B4A-AC0F-CFC21A271952}.Debug|Any CPU.Build.0 = Debug|Any CPU
		{EB916F2E-4C53-4B4A-AC0F-CFC21A271952}.Release|Any CPU.ActiveCfg = Release|Any CPU
		{EB916F2E-4C53-4B4A-AC0F-CFC21A271952}.Release|Any CPU.Build.0 = Release|Any CPU
		{84C30848-45E3-40E9-BF12-7F987230B0B6}.Debug|Any CPU.ActiveCfg = Debug|Any CPU
		{84C30848-45E3-40E9-BF12-7F987230B0B6}.Debug|Any CPU.Build.0 = Debug|Any CPU
		{84C30848-45E3-40E9-BF12-7F987230B0B6}.Release|Any CPU.ActiveCfg = Release|Any CPU
		{84C30848-45E3-40E9-BF12-7F987230B0B6}.Release|Any CPU.Build.0 = Release|Any CPU
		{3027D2D2-70FF-49BF-BF72-603CCA949851}.Debug|Any CPU.ActiveCfg = Debug|Any CPU
		{3027D2D2-70FF-49BF-BF72-603CCA949851}.Debug|Any CPU.Build.0 = Debug|Any CPU
		{3027D2D2-70FF-49BF-BF72-603CCA949851}.Release|Any CPU.ActiveCfg = Release|Any CPU
		{3027D2D2-70FF-49BF-BF72-603CCA949851}.Release|Any CPU.Build.0 = Release|Any CPU
	EndGlobalSection
	GlobalSection(SolutionProperties) = preSolution
		HideSolutionNode = FALSE
	EndGlobalSection
	GlobalSection(NestedProjects) = preSolution
		{972970CE-7EE8-42D9-8BD6-278F0002F40D} = {E81B1359-F678-4520-A354-84063B8FDC07}
		{BC886EE1-7F5D-44C3-B1E9-304761F1CD78} = {0B9204A9-6384-426D-B7EC-25E0303BA304}
		{1115D685-F08A-40EB-AB25-87E8AB2D6156} = {299BB47B-9289-4751-A902-240169CCFB04}
		{0B9204A9-6384-426D-B7EC-25E0303BA304} = {1E9E313B-5538-4EC4-9193-80C7A965A640}
		{A574D6C5-19A0-4BD5-8E82-F1E4F9055333} = {1E9E313B-5538-4EC4-9193-80C7A965A640}
		{ED02B6AB-FEE2-44DA-862C-38EC71D99D13} = {A574D6C5-19A0-4BD5-8E82-F1E4F9055333}
		{3569DA57-7921-4C60-974E-8946B6EEADAB} = {0B9204A9-6384-426D-B7EC-25E0303BA304}
		{EB916F2E-4C53-4B4A-AC0F-CFC21A271952} = {92B5F5BF-35AA-4F29-8AB5-DAFAFD52E9FC}
		{84C30848-45E3-40E9-BF12-7F987230B0B6} = {3D638EF0-46E7-4BA7-A723-5C2B77E99788}
		{3027D2D2-70FF-49BF-BF72-603CCA949851} = {5CFAD9FD-B76E-4E1B-B3BA-6BE7ADEEF401}
	EndGlobalSection
	GlobalSection(ExtensibilityGlobals) = postSolution
		SolutionGuid = {3E5E2C14-544B-46F4-8EDC-E404978344FB}
	EndGlobalSection
EndGlobal
